
Microsoft Visual Studio Solution File, Format Version 12.00
# Visual Studio Version 17
VisualStudioVersion = 17.12.35527.113 d17.12
MinimumVisualStudioVersion = 10.0.40219.1
Project("{FAE04EC0-301F-11D3-BF4B-00C04F79EFBC}") = "MCCommands", "MCCommands\MCCommands.csproj", "{B26B8CC5-D4C3-419A-8917-8FEBE8A85B2D}"
EndProject
Global
	GlobalSection(SolutionConfigurationPlatforms) = preSolution
		Debug|Any CPU = Debug|Any CPU
		Release|Any CPU = Release|Any CPU
	EndGlobalSection
	GlobalSection(ProjectConfigurationPlatforms) = postSolution
		{B26B8CC5-D4C3-419A-8917-8FEBE8A85B2D}.Debug|Any CPU.ActiveCfg = Debug|Any CPU
		{B26B8CC5-D4C3-419A-8917-8FEBE8A85B2D}.Debug|Any CPU.Build.0 = Debug|Any CPU
		{B26B8CC5-D4C3-419A-8917-8FEBE8A85B2D}.Release|Any CPU.ActiveCfg = Release|Any CPU
		{B26B8CC5-D4C3-419A-8917-8FEBE8A85B2D}.Release|Any CPU.Build.0 = Release|Any CPU
	EndGlobalSection
	GlobalSection(SolutionProperties) = preSolution
		HideSolutionNode = FALSE
	EndGlobalSection
EndGlobal
